
Microsoft Visual Studio Solution File, Format Version 12.00
# Visual Studio 14
VisualStudioVersion = 14.0.25420.1
MinimumVisualStudioVersion = 10.0.40219.1
Project("{FAE04EC0-301F-11D3-BF4B-00C04F79EFBC}") = "ArrayExtension", "ArrayExtension\ArrayExtension.csproj", "{8EFA4862-6F8E-4DF4-A771-0FE8B1A9898B}"
EndProject
Project("{FAE04EC0-301F-11D3-BF4B-00C04F79EFBC}") = "ConsoleUI", "ConsoleUI\ConsoleUI.csproj", "{DF2EAD90-4428-4C4F-9B85-9828A6C38E3A}"
EndProject
Global
	GlobalSection(SolutionConfigurationPlatforms) = preSolution
		Debug|Any CPU = Debug|Any CPU
		Release|Any CPU = Release|Any CPU
	EndGlobalSection
	GlobalSection(ProjectConfigurationPlatforms) = postSolution
		{8EFA4862-6F8E-4DF4-A771-0FE8B1A9898B}.Debug|Any CPU.ActiveCfg = Debug|Any CPU
		{8EFA4862-6F8E-4DF4-A771-0FE8B1A9898B}.Debug|Any CPU.Build.0 = Debug|Any CPU
		{8EFA4862-6F8E-4DF4-A771-0FE8B1A9898B}.Release|Any CPU.ActiveCfg = Release|Any CPU
		{8EFA4862-6F8E-4DF4-A771-0FE8B1A9898B}.Release|Any CPU.Build.0 = Release|Any CPU
		{DF2EAD90-4428-4C4F-9B85-9828A6C38E3A}.Debug|Any CPU.ActiveCfg = Debug|Any CPU
		{DF2EAD90-4428-4C4F-9B85-9828A6C38E3A}.Debug|Any CPU.Build.0 = Debug|Any CPU
		{DF2EAD90-4428-4C4F-9B85-9828A6C38E3A}.Release|Any CPU.ActiveCfg = Release|Any CPU
		{DF2EAD90-4428-4C4F-9B85-9828A6C38E3A}.Release|Any CPU.Build.0 = Release|Any CPU
	EndGlobalSection
	GlobalSection(SolutionProperties) = preSolution
		HideSolutionNode = FALSE
	EndGlobalSection
EndGlobal
